
Microsoft Visual Studio Solution File, Format Version 12.00
# Visual Studio Version 17
VisualStudioVersion = 17.7.34018.315
MinimumVisualStudioVersion = 10.0.40219.1
Project("{FAE04EC0-301F-11D3-BF4B-00C04F79EFBC}") = "responsiTimotius", "responsiTimotius.csproj", "{F2138EBB-9B3C-4FCC-95F9-8B81F61AF0BD}"
EndProject
Global
	GlobalSection(SolutionConfigurationPlatforms) = preSolution
		Debug|Any CPU = Debug|Any CPU
		Release|Any CPU = Release|Any CPU
	EndGlobalSection
	GlobalSection(ProjectConfigurationPlatforms) = postSolution
		{F2138EBB-9B3C-4FCC-95F9-8B81F61AF0BD}.Debug|Any CPU.ActiveCfg = Debug|Any CPU
		{F2138EBB-9B3C-4FCC-95F9-8B81F61AF0BD}.Debug|Any CPU.Build.0 = Debug|Any CPU
		{F2138EBB-9B3C-4FCC-95F9-8B81F61AF0BD}.Release|Any CPU.ActiveCfg = Release|Any CPU
		{F2138EBB-9B3C-4FCC-95F9-8B81F61AF0BD}.Release|Any CPU.Build.0 = Release|Any CPU
	EndGlobalSection
	GlobalSection(SolutionProperties) = preSolution
		HideSolutionNode = FALSE
	EndGlobalSection
	GlobalSection(ExtensibilityGlobals) = postSolution
		SolutionGuid = {8ACD5DDD-DEA3-4ED0-AA96-CA642FFD0309}
	EndGlobalSection
EndGlobal
